// !$*UTF8*$!
{
	archiveVersion = 1;
	classes = {
	};
	objectVersion = 55;
	objects = {

/* Begin PBXBuildFile section */
		3818DD7027DB640800ABC177 /* EditView.swift in Sources */ = {isa = PBXBuildFile; fileRef = 3818DD6F27DB640800ABC177 /* EditView.swift */; };
		387F348027DA87160047F060 /* dysssyasNotesApp.swift in Sources */ = {isa = PBXBuildFile; fileRef = 387F347F27DA87160047F060 /* dysssyasNotesApp.swift */; };
		387F348227DA87160047F060 /* MainView.swift in Sources */ = {isa = PBXBuildFile; fileRef = 387F348127DA87160047F060 /* MainView.swift */; };
		387F348427DA87170047F060 /* Assets.xcassets in Resources */ = {isa = PBXBuildFile; fileRef = 387F348327DA87170047F060 /* Assets.xcassets */; };
		387F348727DA87170047F060 /* Preview Assets.xcassets in Resources */ = {isa = PBXBuildFile; fileRef = 387F348627DA87170047F060 /* Preview Assets.xcassets */; };
		387F349327DA879D0047F060 /* SettingsView.swift in Sources */ = {isa = PBXBuildFile; fileRef = 387F349227DA879D0047F060 /* SettingsView.swift */; };
		387F349827DAA2D00047F060 /* MainModel.swift in Sources */ = {isa = PBXBuildFile; fileRef = 387F349727DAA2D00047F060 /* MainModel.swift */; };
		38F8EC8127DD3A8F006FD47F /* MainController.swift in Sources */ = {isa = PBXBuildFile; fileRef = 38F8EC8027DD3A8F006FD47F /* MainController.swift */; };
/* End PBXBuildFile section */

/* Begin PBXFileReference section */
		3818DD6F27DB640800ABC177 /* EditView.swift */ = {isa = PBXFileReference; lastKnownFileType = sourcecode.swift; path = EditView.swift; sourceTree = "<group>"; };
		387F347C27DA87160047F060 /* dysssyasNotes.app */ = {isa = PBXFileReference; explicitFileType = wrapper.application; includeInIndex = 0; path = dysssyasNotes.app; sourceTree = BUILT_PRODUCTS_DIR; };
		387F347F27DA87160047F060 /* dysssyasNotesApp.swift */ = {isa = PBXFileReference; lastKnownFileType = sourcecode.swift; path = dysssyasNotesApp.swift; sourceTree = "<group>"; };
		387F348127DA87160047F060 /* MainView.swift */ = {isa = PBXFileReference; lastKnownFileType = sourcecode.swift; path = MainView.swift; sourceTree = "<group>"; };
		387F348327DA87170047F060 /* Assets.xcassets */ = {isa = PBXFileReference; lastKnownFileType = folder.assetcatalog; path = Assets.xcassets; sourceTree = "<group>"; };
		387F348627DA87170047F060 /* Preview Assets.xcassets */ = {isa = PBXFileReference; lastKnownFileType = folder.assetcatalog; path = "Preview Assets.xcassets"; sourceTree = "<group>"; };
		387F349227DA879D0047F060 /* SettingsView.swift */ = {isa = PBXFileReference; lastKnownFileType = sourcecode.swift; path = SettingsView.swift; sourceTree = "<group>"; };
		387F349727DAA2D00047F060 /* MainModel.swift */ = {isa = PBXFileReference; lastKnownFileType = sourcecode.swift; path = MainModel.swift; sourceTree = "<group>"; };
		38F8EC8027DD3A8F006FD47F /* MainController.swift */ = {isa = PBXFileReference; lastKnownFileType = sourcecode.swift; path = MainController.swift; sourceTree = "<group>"; };
/* End PBXFileReference section */

/* Begin PBXFrameworksBuildPhase section */
		387F347927DA87160047F060 /* Frameworks */ = {
			isa = PBXFrameworksBuildPhase;
			buildActionMask = 2147483647;
			files = (
			);
			runOnlyForDeploymentPostprocessing = 0;
		};
/* End PBXFrameworksBuildPhase section */

/* Begin PBXGroup section */
		387F347327DA87160047F060 = {
			isa = PBXGroup;
			children = (
				387F347E27DA87160047F060 /* dysssyasNotes */,
				387F347D27DA87160047F060 /* Products */,
			);
			sourceTree = "<group>";
		};
		387F347D27DA87160047F060 /* Products */ = {
			isa = PBXGroup;
			children = (
				387F347C27DA87160047F060 /* dysssyasNotes.app */,
			);
			name = Products;
			sourceTree = "<group>";
		};
		387F347E27DA87160047F060 /* dysssyasNotes */ = {
			isa = PBXGroup;
			children = (
				387F347F27DA87160047F060 /* dysssyasNotesApp.swift */,
				387F349627DAA2C50047F060 /* Models */,
				387F348D27DA875C0047F060 /* Views */,
				38F8EC7F27DD3A5C006FD47F /* Controllers */,
				387F348527DA87170047F060 /* Preview Content */,
			);
			path = dysssyasNotes;
			sourceTree = "<group>";
		};
		387F348527DA87170047F060 /* Preview Content */ = {
			isa = PBXGroup;
			children = (
				387F348627DA87170047F060 /* Preview Assets.xcassets */,
				387F348327DA87170047F060 /* Assets.xcassets */,
			);
			path = "Preview Content";
			sourceTree = "<group>";
		};
		387F348D27DA875C0047F060 /* Views */ = {
			isa = PBXGroup;
			children = (
				387F348127DA87160047F060 /* MainView.swift */,
				3818DD6F27DB640800ABC177 /* EditView.swift */,
				387F349227DA879D0047F060 /* SettingsView.swift */,
			);
			path = Views;
			sourceTree = "<group>";
		};
		387F349627DAA2C50047F060 /* Models */ = {
			isa = PBXGroup;
			children = (
				387F349727DAA2D00047F060 /* MainModel.swift */,
			);
			path = Models;
			sourceTree = "<group>";
		};
		38F8EC7F27DD3A5C006FD47F /* Controllers */ = {
			isa = PBXGroup;
			children = (
				38F8EC8027DD3A8F006FD47F /* MainController.swift */,
			);
			path = Controllers;
			sourceTree = "<group>";
		};
/* End PBXGroup section */

/* Begin PBXNativeTarget section */
		387F347B27DA87160047F060 /* dysssyasNotes */ = {
			isa = PBXNativeTarget;
			buildConfigurationList = 387F348A27DA87170047F060 /* Build configuration list for PBXNativeTarget "dysssyasNotes" */;
			buildPhases = (
				387F347827DA87160047F060 /* Sources */,
				387F347927DA87160047F060 /* Frameworks */,
				387F347A27DA87160047F060 /* Resources */,
			);
			buildRules = (
			);
			dependencies = (
			);
			name = dysssyasNotes;
			productName = dysssyasNotes;
			productReference = 387F347C27DA87160047F060 /* dysssyasNotes.app */;
			productType = "com.apple.product-type.application";
		};
/* End PBXNativeTarget section */

/* Begin PBXProject section */
		387F347427DA87160047F060 /* Project object */ = {
			isa = PBXProject;
			attributes = {
				BuildIndependentTargetsInParallel = 1;
				LastSwiftUpdateCheck = 1320;
				LastUpgradeCheck = 1320;
				TargetAttributes = {
					387F347B27DA87160047F060 = {
						CreatedOnToolsVersion = 13.2.1;
					};
				};
			};
			buildConfigurationList = 387F347727DA87160047F060 /* Build configuration list for PBXProject "dysssyasNotes" */;
			compatibilityVersion = "Xcode 13.0";
			developmentRegion = en;
			hasScannedForEncodings = 0;
			knownRegions = (
				en,
				Base,
			);
			mainGroup = 387F347327DA87160047F060;
			productRefGroup = 387F347D27DA87160047F060 /* Products */;
			projectDirPath = "";
			projectRoot = "";
			targets = (
				387F347B27DA87160047F060 /* dysssyasNotes */,
			);
		};
/* End PBXProject section */

/* Begin PBXResourcesBuildPhase section */
		387F347A27DA87160047F060 /* Resources */ = {
			isa = PBXResourcesBuildPhase;
			buildActionMask = 2147483647;
			files = (
				387F348727DA87170047F060 /* Preview Assets.xcassets in Resources */,
				387F348427DA87170047F060 /* Assets.xcassets in Resources */,
			);
			runOnlyForDeploymentPostprocessing = 0;
		};
/* End PBXResourcesBuildPhase section */

/* Begin PBXSourcesBuildPhase section */
		387F347827DA87160047F060 /* Sources */ = {
			isa = PBXSourcesBuildPhase;
			buildActionMask = 2147483647;
			files = (
				387F348227DA87160047F060 /* MainView.swift in Sources */,
				3818DD7027DB640800ABC177 /* EditView.swift in Sources */,
				387F349327DA879D0047F060 /* SettingsView.swift in Sources */,
				387F348027DA87160047F060 /* dysssyasNotesApp.swift in Sources */,
				38F8EC8127DD3A8F006FD47F /* MainController.swift in Sources */,
				387F349827DAA2D00047F060 /* MainModel.swift in Sources */,
			);
			runOnlyForDeploymentPostprocessing = 0;
		};
/* End PBXSourcesBuildPhase section */

/* Begin XCBuildConfiguration section */
		387F348827DA87170047F060 /* Debug */ = {
			isa = XCBuildConfiguration;
			buildSettings = {
				ALWAYS_SEARCH_USER_PATHS = NO;
				CLANG_ANALYZER_NONNULL = YES;
				CLANG_ANALYZER_NUMBER_OBJECT_CONVERSION = YES_AGGRESSIVE;
				CLANG_CXX_LANGUAGE_STANDARD = "gnu++17";
				CLANG_CXX_LIBRARY = "libc++";
				CLANG_ENABLE_MODULES = YES;
				CLANG_ENABLE_OBJC_ARC = YES;
				CLANG_ENABLE_OBJC_WEAK = YES;
				CLANG_WARN_BLOCK_CAPTURE_AUTORELEASING = YES;
				CLANG_WARN_BOOL_CONVERSION = YES;
				CLANG_WARN_COMMA = YES;
				CLANG_WARN_CONSTANT_CONVERSION = YES;
				CLANG_WARN_DEPRECATED_OBJC_IMPLEMENTATIONS = YES;
				CLANG_WARN_DIRECT_OBJC_ISA_USAGE = YES_ERROR;
				CLANG_WARN_DOCUMENTATION_COMMENTS = YES;
				CLANG_WARN_EMPTY_BODY = YES;
				CLANG_WARN_ENUM_CONVERSION = YES;
				CLANG_WARN_INFINITE_RECURSION = YES;
				CLANG_WARN_INT_CONVERSION = YES;
				CLANG_WARN_NON_LITERAL_NULL_CONVERSION = YES;
				CLANG_WARN_OBJC_IMPLICIT_RETAIN_SELF = YES;
				CLANG_WARN_OBJC_LITERAL_CONVERSION = YES;
				CLANG_WARN_OBJC_ROOT_CLASS = YES_ERROR;
				CLANG_WARN_QUOTED_INCLUDE_IN_FRAMEWORK_HEADER = YES;
				CLANG_WARN_RANGE_LOOP_ANALYSIS = YES;
				CLANG_WARN_STRICT_PROTOTYPES = YES;
				CLANG_WARN_SUSPICIOUS_MOVE = YES;
				CLANG_WARN_UNGUARDED_AVAILABILITY = YES_AGGRESSIVE;
				CLANG_WARN_UNREACHABLE_CODE = YES;
				CLANG_WARN__DUPLICATE_METHOD_MATCH = YES;
				COPY_PHASE_STRIP = NO;
				DEBUG_INFORMATION_FORMAT = dwarf;
				ENABLE_STRICT_OBJC_MSGSEND = YES;
				ENABLE_TESTABILITY = YES;
				GCC_C_LANGUAGE_STANDARD = gnu11;
				GCC_DYNAMIC_NO_PIC = NO;
				GCC_NO_COMMON_BLOCKS = YES;
				GCC_OPTIMIZATION_LEVEL = 0;
				GCC_PREPROCESSOR_DEFINITIONS = (
					"DEBUG=1",
					"$(inherited)",
				);
				GCC_WARN_64_TO_32_BIT_CONVERSION = YES;
				GCC_WARN_ABOUT_RETURN_TYPE = YES_ERROR;
				GCC_WARN_UNDECLARED_SELECTOR = YES;
				GCC_WARN_UNINITIALIZED_AUTOS = YES_AGGRESSIVE;
				GCC_WARN_UNUSED_FUNCTION = YES;
				GCC_WARN_UNUSED_VARIABLE = YES;
				IPHONEOS_DEPLOYMENT_TARGET = 15.2;
				MTL_ENABLE_DEBUG_INFO = INCLUDE_SOURCE;
				MTL_FAST_MATH = YES;
				ONLY_ACTIVE_ARCH = YES;
				SDKROOT = iphoneos;
				SWIFT_ACTIVE_COMPILATION_CONDITIONS = DEBUG;
				SWIFT_OPTIMIZATION_LEVEL = "-Onone";
			};
			name = Debug;
		};
		387F348927DA87170047F060 /* Release */ = {
			isa = XCBuildConfiguration;
			buildSettings = {
				ALWAYS_SEARCH_USER_PATHS = NO;
				CLANG_ANALYZER_NONNULL = YES;
				CLANG_ANALYZER_NUMBER_OBJECT_CONVERSION = YES_AGGRESSIVE;
				CLANG_CXX_LANGUAGE_STANDARD = "gnu++17";
				CLANG_CXX_LIBRARY = "libc++";
				CLANG_ENABLE_MODULES = YES;
				CLANG_ENABLE_OBJC_ARC = YES;
				CLANG_ENABLE_OBJC_WEAK = YES;
				CLANG_WARN_BLOCK_CAPTURE_AUTORELEASING = YES;
				CLANG_WARN_BOOL_CONVERSION = YES;
				CLANG_WARN_COMMA = YES;
				CLANG_WARN_CONSTANT_CONVERSION = YES;
				CLANG_WARN_DEPRECATED_OBJC_IMPLEMENTATIONS = YES;
				CLANG_WARN_DIRECT_OBJC_ISA_USAGE = YES_ERROR;
				CLANG_WARN_DOCUMENTATION_COMMENTS = YES;
				CLANG_WARN_EMPTY_BODY = YES;
				CLANG_WARN_ENUM_CONVERSION = YES;
				CLANG_WARN_INFINITE_RECURSION = YES;
				CLANG_WARN_INT_CONVERSION = YES;
				CLANG_WARN_NON_LITERAL_NULL_CONVERSION = YES;
				CLANG_WARN_OBJC_IMPLICIT_RETAIN_SELF = YES;
				CLANG_WARN_OBJC_LITERAL_CONVERSION = YES;
				CLANG_WARN_OBJC_ROOT_CLASS = YES_ERROR;
				CLANG_WARN_QUOTED_INCLUDE_IN_FRAMEWORK_HEADER = YES;
				CLANG_WARN_RANGE_LOOP_ANALYSIS = YES;
				CLANG_WARN_STRICT_PROTOTYPES = YES;
				CLANG_WARN_SUSPICIOUS_MOVE = YES;
				CLANG_WARN_UNGUARDED_AVAILABILITY = YES_AGGRESSIVE;
				CLANG_WARN_UNREACHABLE_CODE = YES;
				CLANG_WARN__DUPLICATE_METHOD_MATCH = YES;
				COPY_PHASE_STRIP = NO;
				DEBUG_INFORMATION_FORMAT = "dwarf-with-dsym";
				ENABLE_NS_ASSERTIONS = NO;
				ENABLE_STRICT_OBJC_MSGSEND = YES;
				GCC_C_LANGUAGE_STANDARD = gnu11;
				GCC_NO_COMMON_BLOCKS = YES;
				GCC_WARN_64_TO_32_BIT_CONVERSION = YES;
				GCC_WARN_ABOUT_RETURN_TYPE = YES_ERROR;
				GCC_WARN_UNDECLARED_SELECTOR = YES;
				GCC_WARN_UNINITIALIZED_AUTOS = YES_AGGRESSIVE;
				GCC_WARN_UNUSED_FUNCTION = YES;
				GCC_WARN_UNUSED_VARIABLE = YES;
				IPHONEOS_DEPLOYMENT_TARGET = 15.2;
				MTL_ENABLE_DEBUG_INFO = NO;
				MTL_FAST_MATH = YES;
				SDKROOT = iphoneos;
				SWIFT_COMPILATION_MODE = wholemodule;
				SWIFT_OPTIMIZATION_LEVEL = "-O";
				VALIDATE_PRODUCT = YES;
			};
			name = Release;
		};
		387F348B27DA87170047F060 /* Debug */ = {
			isa = XCBuildConfiguration;
			buildSettings = {
				ASSETCATALOG_COMPILER_APPICON_NAME = AppIcon;
				ASSETCATALOG_COMPILER_GLOBAL_ACCENT_COLOR_NAME = AccentColor;
				CODE_SIGN_STYLE = Automatic;
				CURRENT_PROJECT_VERSION = 1;
				DEVELOPMENT_ASSET_PATHS = "\"dysssyasNotes/Preview Content\"";
				DEVELOPMENT_TEAM = 3PQ52R8GJN;
				ENABLE_PREVIEWS = YES;
				GENERATE_INFOPLIST_FILE = YES;
				INFOPLIST_KEY_UIApplicationSceneManifest_Generation = YES;
				INFOPLIST_KEY_UIApplicationSupportsIndirectInputEvents = YES;
				INFOPLIST_KEY_UILaunchScreen_Generation = YES;
				INFOPLIST_KEY_UISupportedInterfaceOrientations_iPad = "UIInterfaceOrientationPortrait UIInterfaceOrientationPortraitUpsideDown UIInterfaceOrientationLandscapeLeft UIInterfaceOrientationLandscapeRight";
				INFOPLIST_KEY_UISupportedInterfaceOrientations_iPhone = "UIInterfaceOrientationPortrait UIInterfaceOrientationLandscapeLeft UIInterfaceOrientationLandscapeRight";
				LD_RUNPATH_SEARCH_PATHS = (
					"$(inherited)",
					"@executable_path/Frameworks",
				);
				MARKETING_VERSION = 1.0;
				PRODUCT_BUNDLE_IDENTIFIER = dysssya.dysssyasNotes;
				PRODUCT_NAME = "$(TARGET_NAME)";
				SWIFT_EMIT_LOC_STRINGS = YES;
				SWIFT_VERSION = 5.0;
				TARGETED_DEVICE_FAMILY = "1,2";
			};
			name = Debug;
		};
		387F348C27DA87170047F060 /* Release */ = {
			isa = XCBuildConfiguration;
			buildSettings = {
				ASSETCATALOG_COMPILER_APPICON_NAME = AppIcon;
				ASSETCATALOG_COMPILER_GLOBAL_ACCENT_COLOR_NAME = AccentColor;
				CODE_SIGN_STYLE = Automatic;
				CURRENT_PROJECT_VERSION = 1;
				DEVELOPMENT_ASSET_PATHS = "\"dysssyasNotes/Preview Content\"";
				DEVELOPMENT_TEAM = 3PQ52R8GJN;
				ENABLE_PREVIEWS = YES;
				GENERATE_INFOPLIST_FILE = YES;
				INFOPLIST_KEY_UIApplicationSceneManifest_Generation = YES;
				INFOPLIST_KEY_UIApplicationSupportsIndirectInputEvents = YES;
				INFOPLIST_KEY_UILaunchScreen_Generation = YES;
				INFOPLIST_KEY_UISupportedInterfaceOrientations_iPad = "UIInterfaceOrientationPortrait UIInterfaceOrientationPortraitUpsideDown UIInterfaceOrientationLandscapeLeft UIInterfaceOrientationLandscapeRight";
				INFOPLIST_KEY_UISupportedInterfaceOrientations_iPhone = "UIInterfaceOrientationPortrait UIInterfaceOrientationLandscapeLeft UIInterfaceOrientationLandscapeRight";
				LD_RUNPATH_SEARCH_PATHS = (
					"$(inherited)",
					"@executable_path/Frameworks",
				);
				MARKETING_VERSION = 1.0;
				PRODUCT_BUNDLE_IDENTIFIER = dysssya.dysssyasNotes;
				PRODUCT_NAME = "$(TARGET_NAME)";
				SWIFT_EMIT_LOC_STRINGS = YES;
				SWIFT_VERSION = 5.0;
				TARGETED_DEVICE_FAMILY = "1,2";
			};
			name = Release;
		};
/* End XCBuildConfiguration section */

/* Begin XCConfigurationList section */
		387F347727DA87160047F060 /* Build configuration list for PBXProject "dysssyasNotes" */ = {
			isa = XCConfigurationList;
			buildConfigurations = (
				387F348827DA87170047F060 /* Debug */,
				387F348927DA87170047F060 /* Release */,
			);
			defaultConfigurationIsVisible = 0;
			defaultConfigurationName = Release;
		};
		387F348A27DA87170047F060 /* Build configuration list for PBXNativeTarget "dysssyasNotes" */ = {
			isa = XCConfigurationList;
			buildConfigurations = (
				387F348B27DA87170047F060 /* Debug */,
				387F348C27DA87170047F060 /* Release */,
			);
			defaultConfigurationIsVisible = 0;
			defaultConfigurationName = Release;
		};
/* End XCConfigurationList section */
	};
	rootObject = 387F347427DA87160047F060 /* Project object */;
}
